
Microsoft Visual Studio Solution File, Format Version 12.00
# Visual Studio 15
VisualStudioVersion = 15.0.28307.136
MinimumVisualStudioVersion = 10.0.40219.1
Project("{FAE04EC0-301F-11D3-BF4B-00C04F79EFBC}") = "SaraCura", "SaraCura\SaraCura.csproj", "{D5452C78-A0C7-466D-B3E8-6D5493B9A34F}"
EndProject
Global
	GlobalSection(SolutionConfigurationPlatforms) = preSolution
		Debug|Any CPU = Debug|Any CPU
		Release|Any CPU = Release|Any CPU
	EndGlobalSection
	GlobalSection(ProjectConfigurationPlatforms) = postSolution
		{D5452C78-A0C7-466D-B3E8-6D5493B9A34F}.Debug|Any CPU.ActiveCfg = Debug|Any CPU
		{D5452C78-A0C7-466D-B3E8-6D5493B9A34F}.Debug|Any CPU.Build.0 = Debug|Any CPU
		{D5452C78-A0C7-466D-B3E8-6D5493B9A34F}.Release|Any CPU.ActiveCfg = Release|Any CPU
		{D5452C78-A0C7-466D-B3E8-6D5493B9A34F}.Release|Any CPU.Build.0 = Release|Any CPU
	EndGlobalSection
	GlobalSection(SolutionProperties) = preSolution
		HideSolutionNode = FALSE
	EndGlobalSection
	GlobalSection(ExtensibilityGlobals) = postSolution
		SolutionGuid = {4F93C32E-15F3-4D9F-987D-26D6E996F740}
	EndGlobalSection
EndGlobal
